<?xml version="1.0" encoding="UTF-8" standalone="yes" ?>
<CodeBlocks_project_file>
	<FileVersion major="1" minor="6" />
	<Project>
		<Option title="szachMater" />
		<Option pch_mode="2" />
		<Option compiler="gcc" />
		<Build>
			<Target title="Debug">
				<Option output="bin/Debug/szachMater" prefix_auto="1" extension_auto="1" />
				<Option object_output="obj/Debug/" />
				<Option type="1" />
				<Option compiler="gcc" />
				<Compiler>
					<Add option="-g" />
					<Add directory="include" />
				</Compiler>
			</Target>
			<Target title="Release">
				<Option output="bin/Release/szachMater" prefix_auto="1" extension_auto="1" />
				<Option object_output="obj/Release/" />
				<Option type="1" />
				<Option compiler="gcc" />
				<Compiler>
					<Add option="-O2" />
					<Add directory="include" />
				</Compiler>
				<Linker>
					<Add option="-s" />
				</Linker>
			</Target>
		</Build>
		<Compiler>
			<Add option="-Wall" />
			<Add option="-fexceptions" />
		</Compiler>
		<Unit filename="include/Array.h" />
		<Unit filename="include/Gra.h" />
		<Unit filename="include/Gracz.h" />
		<Unit filename="include/HistoriaRuchow.h" />
		<Unit filename="include/Kolor.h" />
		<Unit filename="include/Pionek.h" />
		<Unit filename="include/PionekJuzZbityException.h" />
		<Unit filename="include/Plansza.h" />
		<Unit filename="include/Pole.h" />
		<Unit filename="include/Ruch.h" />
		<Unit filename="include/TypPionka.h" />
		<Unit filename="main.cpp" />
		<Unit filename="src/Array.cpp" />
		<Unit filename="src/Gra.cpp" />
		<Unit filename="src/Gracz.cpp" />
		<Unit filename="src/HistoriaRuchow.cpp" />
		<Unit filename="src/Kolor.cpp" />
		<Unit filename="src/Pionek.cpp" />
		<Unit filename="src/PionekJuzZbityException.cpp" />
		<Unit filename="src/Plansza.cpp" />
		<Unit filename="src/Pole.cpp" />
		<Unit filename="src/Ruch.cpp" />
		<Unit filename="src/TypPionka.cpp" />
		<Extensions>
			<code_completion />
			<envvars />
			<debugger />
			<DoxyBlocks>
				<comment_style block="2" line="2" />
				<doxyfile_project />
				<doxyfile_build />
				<doxyfile_warnings />
				<doxyfile_output />
				<doxyfile_dot />
				<general />
			</DoxyBlocks>
		</Extensions>
	</Project>
</CodeBlocks_project_file>
